
Microsoft Visual Studio Solution File, Format Version 12.00
# Visual Studio 15
VisualStudioVersion = 15.0.27703.2042
MinimumVisualStudioVersion = 10.0.40219.1
Project("{FAE04EC0-301F-11D3-BF4B-00C04F79EFBC}") = "CalclManager", "CalclManager\CalclManager.csproj", "{F89069F2-7F67-4838-85DA-4F96317B9D43}"
EndProject
Global
	GlobalSection(SolutionConfigurationPlatforms) = preSolution
		Debug|Any CPU = Debug|Any CPU
		Release|Any CPU = Release|Any CPU
	EndGlobalSection
	GlobalSection(ProjectConfigurationPlatforms) = postSolution
		{F89069F2-7F67-4838-85DA-4F96317B9D43}.Debug|Any CPU.ActiveCfg = Debug|Any CPU
		{F89069F2-7F67-4838-85DA-4F96317B9D43}.Debug|Any CPU.Build.0 = Debug|Any CPU
		{F89069F2-7F67-4838-85DA-4F96317B9D43}.Release|Any CPU.ActiveCfg = Release|Any CPU
		{F89069F2-7F67-4838-85DA-4F96317B9D43}.Release|Any CPU.Build.0 = Release|Any CPU
	EndGlobalSection
	GlobalSection(SolutionProperties) = preSolution
		HideSolutionNode = FALSE
	EndGlobalSection
	GlobalSection(ExtensibilityGlobals) = postSolution
		SolutionGuid = {38246F95-669D-4876-8C85-EDDF684F9489}
	EndGlobalSection
EndGlobal
